{
    "name": "isteven-angular-multiselect",
    "version": "v4.0.0",
    "lockfileVersion": 1,
    "requires": true,
    "dependencies": {
        "angular-vs-repeat": {
            "version": "2.0.9",
            "resolved": "https://registry.npmjs.org/angular-vs-repeat/-/angular-vs-repeat-2.0.9.tgz",
            "integrity": "sha512-b2ehZgJLlm5YBJL2h8WgqtQIhaYzVgH3Gn9aI+eZUTgodrWFq3u4bBCdgAi85vrpG7uM09n1D/eApwAy6jfKag=="
        }
    }
}
